
Microsoft Visual Studio Solution File, Format Version 12.00
# Visual Studio Version 17
VisualStudioVersion = 17.5.33414.496
MinimumVisualStudioVersion = 10.0.40219.1
Project("{FAE04EC0-301F-11D3-BF4B-00C04F79EFBC}") = "Auth", "Auth\Auth.csproj", "{B4DC4D9A-F7AD-45B5-A572-C91FE6A1C7D2}"
EndProject
Global
	GlobalSection(SolutionConfigurationPlatforms) = preSolution
		Debug|Any CPU = Debug|Any CPU
		Release|Any CPU = Release|Any CPU
	EndGlobalSection
	GlobalSection(ProjectConfigurationPlatforms) = postSolution
		{B4DC4D9A-F7AD-45B5-A572-C91FE6A1C7D2}.Debug|Any CPU.ActiveCfg = Debug|Any CPU
		{B4DC4D9A-F7AD-45B5-A572-C91FE6A1C7D2}.Debug|Any CPU.Build.0 = Debug|Any CPU
		{B4DC4D9A-F7AD-45B5-A572-C91FE6A1C7D2}.Release|Any CPU.ActiveCfg = Release|Any CPU
		{B4DC4D9A-F7AD-45B5-A572-C91FE6A1C7D2}.Release|Any CPU.Build.0 = Release|Any CPU
	EndGlobalSection
	GlobalSection(SolutionProperties) = preSolution
		HideSolutionNode = FALSE
	EndGlobalSection
	GlobalSection(ExtensibilityGlobals) = postSolution
		SolutionGuid = {6DD3B5CF-351F-4A81-A8B3-7F57375CAF40}
	EndGlobalSection
EndGlobal
